// !$*UTF8*$!
{
	archiveVersion = 1;
	classes = {
	};
	objectVersion = 56;
	objects = {

/* Begin PBXBuildFile section */
		E61EAFAD2AE6870600A056DB /* GeneralExtensions.swift in Sources */ = {isa = PBXBuildFile; fileRef = E61EAFAC2AE6870600A056DB /* GeneralExtensions.swift */; };
		E6872ACD2AE58AD6000F7BF3 /* AppDelegate.swift in Sources */ = {isa = PBXBuildFile; fileRef = E6872ACC2AE58AD6000F7BF3 /* AppDelegate.swift */; };
		E6872ACF2AE58AD6000F7BF3 /* SceneDelegate.swift in Sources */ = {isa = PBXBuildFile; fileRef = E6872ACE2AE58AD6000F7BF3 /* SceneDelegate.swift */; };
		E6872AD12AE58AD6000F7BF3 /* ViewController.swift in Sources */ = {isa = PBXBuildFile; fileRef = E6872AD02AE58AD6000F7BF3 /* ViewController.swift */; };
		E6872AD42AE58AD6000F7BF3 /* Main.storyboard in Resources */ = {isa = PBXBuildFile; fileRef = E6872AD22AE58AD6000F7BF3 /* Main.storyboard */; };
		E6872AD62AE58AD7000F7BF3 /* Assets.xcassets in Resources */ = {isa = PBXBuildFile; fileRef = E6872AD52AE58AD7000F7BF3 /* Assets.xcassets */; };
		E6872AD92AE58AD7000F7BF3 /* LaunchScreen.storyboard in Resources */ = {isa = PBXBuildFile; fileRef = E6872AD72AE58AD7000F7BF3 /* LaunchScreen.storyboard */; };
		E6872AE42AE58AD7000F7BF3 /* FoodDeliveryTests.swift in Sources */ = {isa = PBXBuildFile; fileRef = E6872AE32AE58AD7000F7BF3 /* FoodDeliveryTests.swift */; };
		E6872AEE2AE58AD7000F7BF3 /* FoodDeliveryUITests.swift in Sources */ = {isa = PBXBuildFile; fileRef = E6872AED2AE58AD7000F7BF3 /* FoodDeliveryUITests.swift */; };
		E6872AF02AE58AD7000F7BF3 /* FoodDeliveryUITestsLaunchTests.swift in Sources */ = {isa = PBXBuildFile; fileRef = E6872AEF2AE58AD7000F7BF3 /* FoodDeliveryUITestsLaunchTests.swift */; };
		E6872B032AE5E4AA000F7BF3 /* MenuScreenViewController.swift in Sources */ = {isa = PBXBuildFile; fileRef = E6872B022AE5E4AA000F7BF3 /* MenuScreenViewController.swift */; };
		E6872B052AE5E4D4000F7BF3 /* OfferScreenViewController.swift in Sources */ = {isa = PBXBuildFile; fileRef = E6872B042AE5E4D4000F7BF3 /* OfferScreenViewController.swift */; };
		E6872B072AE5E4E5000F7BF3 /* HomeScreenViewController.swift in Sources */ = {isa = PBXBuildFile; fileRef = E6872B062AE5E4E5000F7BF3 /* HomeScreenViewController.swift */; };
		E6872B092AE5E4FF000F7BF3 /* ProfileScreenViewController.swift in Sources */ = {isa = PBXBuildFile; fileRef = E6872B082AE5E4FF000F7BF3 /* ProfileScreenViewController.swift */; };
		E6872B0B2AE5E50F000F7BF3 /* MoreScreenViewController.swift in Sources */ = {isa = PBXBuildFile; fileRef = E6872B0A2AE5E50F000F7BF3 /* MoreScreenViewController.swift */; };
/* End PBXBuildFile section */

/* Begin PBXContainerItemProxy section */
		E6872AE02AE58AD7000F7BF3 /* PBXContainerItemProxy */ = {
			isa = PBXContainerItemProxy;
			containerPortal = E6872AC12AE58AD5000F7BF3 /* Project object */;
			proxyType = 1;
			remoteGlobalIDString = E6872AC82AE58AD6000F7BF3;
			remoteInfo = FoodDelivery;
		};
		E6872AEA2AE58AD7000F7BF3 /* PBXContainerItemProxy */ = {
			isa = PBXContainerItemProxy;
			containerPortal = E6872AC12AE58AD5000F7BF3 /* Project object */;
			proxyType = 1;
			remoteGlobalIDString = E6872AC82AE58AD6000F7BF3;
			remoteInfo = FoodDelivery;
		};
/* End PBXContainerItemProxy section */

/* Begin PBXFileReference section */
		E61EAFAC2AE6870600A056DB /* GeneralExtensions.swift */ = {isa = PBXFileReference; lastKnownFileType = sourcecode.swift; path = GeneralExtensions.swift; sourceTree = "<group>"; };
		E6872AC92AE58AD6000F7BF3 /* FoodDelivery.app */ = {isa = PBXFileReference; explicitFileType = wrapper.application; includeInIndex = 0; path = FoodDelivery.app; sourceTree = BUILT_PRODUCTS_DIR; };
		E6872ACC2AE58AD6000F7BF3 /* AppDelegate.swift */ = {isa = PBXFileReference; lastKnownFileType = sourcecode.swift; path = AppDelegate.swift; sourceTree = "<group>"; };
		E6872ACE2AE58AD6000F7BF3 /* SceneDelegate.swift */ = {isa = PBXFileReference; lastKnownFileType = sourcecode.swift; path = SceneDelegate.swift; sourceTree = "<group>"; };
		E6872AD02AE58AD6000F7BF3 /* ViewController.swift */ = {isa = PBXFileReference; lastKnownFileType = sourcecode.swift; path = ViewController.swift; sourceTree = "<group>"; };
		E6872AD32AE58AD6000F7BF3 /* Base */ = {isa = PBXFileReference; lastKnownFileType = file.storyboard; name = Base; path = Base.lproj/Main.storyboard; sourceTree = "<group>"; };
		E6872AD52AE58AD7000F7BF3 /* Assets.xcassets */ = {isa = PBXFileReference; lastKnownFileType = folder.assetcatalog; path = Assets.xcassets; sourceTree = "<group>"; };
		E6872AD82AE58AD7000F7BF3 /* Base */ = {isa = PBXFileReference; lastKnownFileType = file.storyboard; name = Base; path = Base.lproj/LaunchScreen.storyboard; sourceTree = "<group>"; };
		E6872ADA2AE58AD7000F7BF3 /* Info.plist */ = {isa = PBXFileReference; lastKnownFileType = text.plist.xml; path = Info.plist; sourceTree = "<group>"; };
		E6872ADF2AE58AD7000F7BF3 /* FoodDeliveryTests.xctest */ = {isa = PBXFileReference; explicitFileType = wrapper.cfbundle; includeInIndex = 0; path = FoodDeliveryTests.xctest; sourceTree = BUILT_PRODUCTS_DIR; };
		E6872AE32AE58AD7000F7BF3 /* FoodDeliveryTests.swift */ = {isa = PBXFileReference; lastKnownFileType = sourcecode.swift; path = FoodDeliveryTests.swift; sourceTree = "<group>"; };
		E6872AE92AE58AD7000F7BF3 /* FoodDeliveryUITests.xctest */ = {isa = PBXFileReference; explicitFileType = wrapper.cfbundle; includeInIndex = 0; path = FoodDeliveryUITests.xctest; sourceTree = BUILT_PRODUCTS_DIR; };
		E6872AED2AE58AD7000F7BF3 /* FoodDeliveryUITests.swift */ = {isa = PBXFileReference; lastKnownFileType = sourcecode.swift; path = FoodDeliveryUITests.swift; sourceTree = "<group>"; };
		E6872AEF2AE58AD7000F7BF3 /* FoodDeliveryUITestsLaunchTests.swift */ = {isa = PBXFileReference; lastKnownFileType = sourcecode.swift; path = FoodDeliveryUITestsLaunchTests.swift; sourceTree = "<group>"; };
		E6872B022AE5E4AA000F7BF3 /* MenuScreenViewController.swift */ = {isa = PBXFileReference; lastKnownFileType = sourcecode.swift; path = MenuScreenViewController.swift; sourceTree = "<group>"; };
		E6872B042AE5E4D4000F7BF3 /* OfferScreenViewController.swift */ = {isa = PBXFileReference; lastKnownFileType = sourcecode.swift; path = OfferScreenViewController.swift; sourceTree = "<group>"; };
		E6872B062AE5E4E5000F7BF3 /* HomeScreenViewController.swift */ = {isa = PBXFileReference; lastKnownFileType = sourcecode.swift; path = HomeScreenViewController.swift; sourceTree = "<group>"; };
		E6872B082AE5E4FF000F7BF3 /* ProfileScreenViewController.swift */ = {isa = PBXFileReference; lastKnownFileType = sourcecode.swift; path = ProfileScreenViewController.swift; sourceTree = "<group>"; };
		E6872B0A2AE5E50F000F7BF3 /* MoreScreenViewController.swift */ = {isa = PBXFileReference; lastKnownFileType = sourcecode.swift; path = MoreScreenViewController.swift; sourceTree = "<group>"; };
/* End PBXFileReference section */

/* Begin PBXFrameworksBuildPhase section */
		E6872AC62AE58AD6000F7BF3 /* Frameworks */ = {
			isa = PBXFrameworksBuildPhase;
			buildActionMask = 2147483647;
			files = (
			);
			runOnlyForDeploymentPostprocessing = 0;
		};
		E6872ADC2AE58AD7000F7BF3 /* Frameworks */ = {
			isa = PBXFrameworksBuildPhase;
			buildActionMask = 2147483647;
			files = (
			);
			runOnlyForDeploymentPostprocessing = 0;
		};
		E6872AE62AE58AD7000F7BF3 /* Frameworks */ = {
			isa = PBXFrameworksBuildPhase;
			buildActionMask = 2147483647;
			files = (
			);
			runOnlyForDeploymentPostprocessing = 0;
		};
/* End PBXFrameworksBuildPhase section */

/* Begin PBXGroup section */
		E61EAFA92AE6829A00A056DB /* Extensions */ = {
			isa = PBXGroup;
			children = (
				E61EAFAC2AE6870600A056DB /* GeneralExtensions.swift */,
			);
			path = Extensions;
			sourceTree = "<group>";
		};
		E6872AC02AE58AD5000F7BF3 = {
			isa = PBXGroup;
			children = (
				E6872ACB2AE58AD6000F7BF3 /* FoodDelivery */,
				E6872AE22AE58AD7000F7BF3 /* FoodDeliveryTests */,
				E6872AEC2AE58AD7000F7BF3 /* FoodDeliveryUITests */,
				E6872ACA2AE58AD6000F7BF3 /* Products */,
			);
			sourceTree = "<group>";
		};
		E6872ACA2AE58AD6000F7BF3 /* Products */ = {
			isa = PBXGroup;
			children = (
				E6872AC92AE58AD6000F7BF3 /* FoodDelivery.app */,
				E6872ADF2AE58AD7000F7BF3 /* FoodDeliveryTests.xctest */,
				E6872AE92AE58AD7000F7BF3 /* FoodDeliveryUITests.xctest */,
			);
			name = Products;
			sourceTree = "<group>";
		};
		E6872ACB2AE58AD6000F7BF3 /* FoodDelivery */ = {
			isa = PBXGroup;
			children = (
				E6872ADA2AE58AD7000F7BF3 /* Info.plist */,
				E61EAFA92AE6829A00A056DB /* Extensions */,
				E6872B002AE5CBB9000F7BF3 /* Helpers */,
				E6872AFC2AE5C815000F7BF3 /* Views */,
			);
			path = FoodDelivery;
			sourceTree = "<group>";
		};
		E6872AE22AE58AD7000F7BF3 /* FoodDeliveryTests */ = {
			isa = PBXGroup;
			children = (
				E6872AE32AE58AD7000F7BF3 /* FoodDeliveryTests.swift */,
			);
			path = FoodDeliveryTests;
			sourceTree = "<group>";
		};
		E6872AEC2AE58AD7000F7BF3 /* FoodDeliveryUITests */ = {
			isa = PBXGroup;
			children = (
				E6872AED2AE58AD7000F7BF3 /* FoodDeliveryUITests.swift */,
				E6872AEF2AE58AD7000F7BF3 /* FoodDeliveryUITestsLaunchTests.swift */,
			);
			path = FoodDeliveryUITests;
			sourceTree = "<group>";
		};
		E6872AFC2AE5C815000F7BF3 /* Views */ = {
			isa = PBXGroup;
			children = (
				E6872B012AE5E465000F7BF3 /* Screens */,
				E6872AD02AE58AD6000F7BF3 /* ViewController.swift */,
			);
			path = Views;
			sourceTree = "<group>";
		};
		E6872B002AE5CBB9000F7BF3 /* Helpers */ = {
			isa = PBXGroup;
			children = (
				E6872ACC2AE58AD6000F7BF3 /* AppDelegate.swift */,
				E6872ACE2AE58AD6000F7BF3 /* SceneDelegate.swift */,
				E6872AD22AE58AD6000F7BF3 /* Main.storyboard */,
				E6872AD52AE58AD7000F7BF3 /* Assets.xcassets */,
				E6872AD72AE58AD7000F7BF3 /* LaunchScreen.storyboard */,
			);
			path = Helpers;
			sourceTree = "<group>";
		};
		E6872B012AE5E465000F7BF3 /* Screens */ = {
			isa = PBXGroup;
			children = (
				E6872B022AE5E4AA000F7BF3 /* MenuScreenViewController.swift */,
				E6872B042AE5E4D4000F7BF3 /* OfferScreenViewController.swift */,
				E6872B062AE5E4E5000F7BF3 /* HomeScreenViewController.swift */,
				E6872B082AE5E4FF000F7BF3 /* ProfileScreenViewController.swift */,
				E6872B0A2AE5E50F000F7BF3 /* MoreScreenViewController.swift */,
			);
			path = Screens;
			sourceTree = "<group>";
		};
/* End PBXGroup section */

/* Begin PBXNativeTarget section */
		E6872AC82AE58AD6000F7BF3 /* FoodDelivery */ = {
			isa = PBXNativeTarget;
			buildConfigurationList = E6872AF32AE58AD7000F7BF3 /* Build configuration list for PBXNativeTarget "FoodDelivery" */;
			buildPhases = (
				E6872AC52AE58AD6000F7BF3 /* Sources */,
				E6872AC62AE58AD6000F7BF3 /* Frameworks */,
				E6872AC72AE58AD6000F7BF3 /* Resources */,
			);
			buildRules = (
			);
			dependencies = (
			);
			name = FoodDelivery;
			productName = FoodDelivery;
			productReference = E6872AC92AE58AD6000F7BF3 /* FoodDelivery.app */;
			productType = "com.apple.product-type.application";
		};
		E6872ADE2AE58AD7000F7BF3 /* FoodDeliveryTests */ = {
			isa = PBXNativeTarget;
			buildConfigurationList = E6872AF62AE58AD7000F7BF3 /* Build configuration list for PBXNativeTarget "FoodDeliveryTests" */;
			buildPhases = (
				E6872ADB2AE58AD7000F7BF3 /* Sources */,
				E6872ADC2AE58AD7000F7BF3 /* Frameworks */,
				E6872ADD2AE58AD7000F7BF3 /* Resources */,
			);
			buildRules = (
			);
			dependencies = (
				E6872AE12AE58AD7000F7BF3 /* PBXTargetDependency */,
			);
			name = FoodDeliveryTests;
			productName = FoodDeliveryTests;
			productReference = E6872ADF2AE58AD7000F7BF3 /* FoodDeliveryTests.xctest */;
			productType = "com.apple.product-type.bundle.unit-test";
		};
		E6872AE82AE58AD7000F7BF3 /* FoodDeliveryUITests */ = {
			isa = PBXNativeTarget;
			buildConfigurationList = E6872AF92AE58AD7000F7BF3 /* Build configuration list for PBXNativeTarget "FoodDeliveryUITests" */;
			buildPhases = (
				E6872AE52AE58AD7000F7BF3 /* Sources */,
				E6872AE62AE58AD7000F7BF3 /* Frameworks */,
				E6872AE72AE58AD7000F7BF3 /* Resources */,
			);
			buildRules = (
			);
			dependencies = (
				E6872AEB2AE58AD7000F7BF3 /* PBXTargetDependency */,
			);
			name = FoodDeliveryUITests;
			productName = FoodDeliveryUITests;
			productReference = E6872AE92AE58AD7000F7BF3 /* FoodDeliveryUITests.xctest */;
			productType = "com.apple.product-type.bundle.ui-testing";
		};
/* End PBXNativeTarget section */

/* Begin PBXProject section */
		E6872AC12AE58AD5000F7BF3 /* Project object */ = {
			isa = PBXProject;
			attributes = {
				BuildIndependentTargetsInParallel = 1;
				LastSwiftUpdateCheck = 1500;
				LastUpgradeCheck = 1500;
				TargetAttributes = {
					E6872AC82AE58AD6000F7BF3 = {
						CreatedOnToolsVersion = 15.0.1;
					};
					E6872ADE2AE58AD7000F7BF3 = {
						CreatedOnToolsVersion = 15.0.1;
						TestTargetID = E6872AC82AE58AD6000F7BF3;
					};
					E6872AE82AE58AD7000F7BF3 = {
						CreatedOnToolsVersion = 15.0.1;
						TestTargetID = E6872AC82AE58AD6000F7BF3;
					};
				};
			};
			buildConfigurationList = E6872AC42AE58AD5000F7BF3 /* Build configuration list for PBXProject "FoodDelivery" */;
			compatibilityVersion = "Xcode 14.0";
			developmentRegion = en;
			hasScannedForEncodings = 0;
			knownRegions = (
				en,
				Base,
			);
			mainGroup = E6872AC02AE58AD5000F7BF3;
			productRefGroup = E6872ACA2AE58AD6000F7BF3 /* Products */;
			projectDirPath = "";
			projectRoot = "";
			targets = (
				E6872AC82AE58AD6000F7BF3 /* FoodDelivery */,
				E6872ADE2AE58AD7000F7BF3 /* FoodDeliveryTests */,
				E6872AE82AE58AD7000F7BF3 /* FoodDeliveryUITests */,
			);
		};
/* End PBXProject section */

/* Begin PBXResourcesBuildPhase section */
		E6872AC72AE58AD6000F7BF3 /* Resources */ = {
			isa = PBXResourcesBuildPhase;
			buildActionMask = 2147483647;
			files = (
				E6872AD92AE58AD7000F7BF3 /* LaunchScreen.storyboard in Resources */,
				E6872AD62AE58AD7000F7BF3 /* Assets.xcassets in Resources */,
				E6872AD42AE58AD6000F7BF3 /* Main.storyboard in Resources */,
			);
			runOnlyForDeploymentPostprocessing = 0;
		};
		E6872ADD2AE58AD7000F7BF3 /* Resources */ = {
			isa = PBXResourcesBuildPhase;
			buildActionMask = 2147483647;
			files = (
			);
			runOnlyForDeploymentPostprocessing = 0;
		};
		E6872AE72AE58AD7000F7BF3 /* Resources */ = {
			isa = PBXResourcesBuildPhase;
			buildActionMask = 2147483647;
			files = (
			);
			runOnlyForDeploymentPostprocessing = 0;
		};
/* End PBXResourcesBuildPhase section */

/* Begin PBXSourcesBuildPhase section */
		E6872AC52AE58AD6000F7BF3 /* Sources */ = {
			isa = PBXSourcesBuildPhase;
			buildActionMask = 2147483647;
			files = (
				E61EAFAD2AE6870600A056DB /* GeneralExtensions.swift in Sources */,
				E6872B052AE5E4D4000F7BF3 /* OfferScreenViewController.swift in Sources */,
				E6872B092AE5E4FF000F7BF3 /* ProfileScreenViewController.swift in Sources */,
				E6872AD12AE58AD6000F7BF3 /* ViewController.swift in Sources */,
				E6872B0B2AE5E50F000F7BF3 /* MoreScreenViewController.swift in Sources */,
				E6872B032AE5E4AA000F7BF3 /* MenuScreenViewController.swift in Sources */,
				E6872ACD2AE58AD6000F7BF3 /* AppDelegate.swift in Sources */,
				E6872ACF2AE58AD6000F7BF3 /* SceneDelegate.swift in Sources */,
				E6872B072AE5E4E5000F7BF3 /* HomeScreenViewController.swift in Sources */,
			);
			runOnlyForDeploymentPostprocessing = 0;
		};
		E6872ADB2AE58AD7000F7BF3 /* Sources */ = {
			isa = PBXSourcesBuildPhase;
			buildActionMask = 2147483647;
			files = (
				E6872AE42AE58AD7000F7BF3 /* FoodDeliveryTests.swift in Sources */,
			);
			runOnlyForDeploymentPostprocessing = 0;
		};
		E6872AE52AE58AD7000F7BF3 /* Sources */ = {
			isa = PBXSourcesBuildPhase;
			buildActionMask = 2147483647;
			files = (
				E6872AF02AE58AD7000F7BF3 /* FoodDeliveryUITestsLaunchTests.swift in Sources */,
				E6872AEE2AE58AD7000F7BF3 /* FoodDeliveryUITests.swift in Sources */,
			);
			runOnlyForDeploymentPostprocessing = 0;
		};
/* End PBXSourcesBuildPhase section */

/* Begin PBXTargetDependency section */
		E6872AE12AE58AD7000F7BF3 /* PBXTargetDependency */ = {
			isa = PBXTargetDependency;
			target = E6872AC82AE58AD6000F7BF3 /* FoodDelivery */;
			targetProxy = E6872AE02AE58AD7000F7BF3 /* PBXContainerItemProxy */;
		};
		E6872AEB2AE58AD7000F7BF3 /* PBXTargetDependency */ = {
			isa = PBXTargetDependency;
			target = E6872AC82AE58AD6000F7BF3 /* FoodDelivery */;
			targetProxy = E6872AEA2AE58AD7000F7BF3 /* PBXContainerItemProxy */;
		};
/* End PBXTargetDependency section */

/* Begin PBXVariantGroup section */
		E6872AD22AE58AD6000F7BF3 /* Main.storyboard */ = {
			isa = PBXVariantGroup;
			children = (
				E6872AD32AE58AD6000F7BF3 /* Base */,
			);
			name = Main.storyboard;
			sourceTree = "<group>";
		};
		E6872AD72AE58AD7000F7BF3 /* LaunchScreen.storyboard */ = {
			isa = PBXVariantGroup;
			children = (
				E6872AD82AE58AD7000F7BF3 /* Base */,
			);
			name = LaunchScreen.storyboard;
			sourceTree = "<group>";
		};
/* End PBXVariantGroup section */

/* Begin XCBuildConfiguration section */
		E6872AF12AE58AD7000F7BF3 /* Debug */ = {
			isa = XCBuildConfiguration;
			buildSettings = {
				ALWAYS_SEARCH_USER_PATHS = NO;
				ASSETCATALOG_COMPILER_GENERATE_SWIFT_ASSET_SYMBOL_EXTENSIONS = YES;
				CLANG_ANALYZER_NONNULL = YES;
				CLANG_ANALYZER_NUMBER_OBJECT_CONVERSION = YES_AGGRESSIVE;
				CLANG_CXX_LANGUAGE_STANDARD = "gnu++20";
				CLANG_ENABLE_MODULES = YES;
				CLANG_ENABLE_OBJC_ARC = YES;
				CLANG_ENABLE_OBJC_WEAK = YES;
				CLANG_WARN_BLOCK_CAPTURE_AUTORELEASING = YES;
				CLANG_WARN_BOOL_CONVERSION = YES;
				CLANG_WARN_COMMA = YES;
				CLANG_WARN_CONSTANT_CONVERSION = YES;
				CLANG_WARN_DEPRECATED_OBJC_IMPLEMENTATIONS = YES;
				CLANG_WARN_DIRECT_OBJC_ISA_USAGE = YES_ERROR;
				CLANG_WARN_DOCUMENTATION_COMMENTS = YES;
				CLANG_WARN_EMPTY_BODY = YES;
				CLANG_WARN_ENUM_CONVERSION = YES;
				CLANG_WARN_INFINITE_RECURSION = YES;
				CLANG_WARN_INT_CONVERSION = YES;
				CLANG_WARN_NON_LITERAL_NULL_CONVERSION = YES;
				CLANG_WARN_OBJC_IMPLICIT_RETAIN_SELF = YES;
				CLANG_WARN_OBJC_LITERAL_CONVERSION = YES;
				CLANG_WARN_OBJC_ROOT_CLASS = YES_ERROR;
				CLANG_WARN_QUOTED_INCLUDE_IN_FRAMEWORK_HEADER = YES;
				CLANG_WARN_RANGE_LOOP_ANALYSIS = YES;
				CLANG_WARN_STRICT_PROTOTYPES = YES;
				CLANG_WARN_SUSPICIOUS_MOVE = YES;
				CLANG_WARN_UNGUARDED_AVAILABILITY = YES_AGGRESSIVE;
				CLANG_WARN_UNREACHABLE_CODE = YES;
				CLANG_WARN__DUPLICATE_METHOD_MATCH = YES;
				COPY_PHASE_STRIP = NO;
				DEBUG_INFORMATION_FORMAT = dwarf;
				ENABLE_STRICT_OBJC_MSGSEND = YES;
				ENABLE_TESTABILITY = YES;
				ENABLE_USER_SCRIPT_SANDBOXING = YES;
				GCC_C_LANGUAGE_STANDARD = gnu17;
				GCC_DYNAMIC_NO_PIC = NO;
				GCC_NO_COMMON_BLOCKS = YES;
				GCC_OPTIMIZATION_LEVEL = 0;
				GCC_PREPROCESSOR_DEFINITIONS = (
					"DEBUG=1",
					"$(inherited)",
				);
				GCC_WARN_64_TO_32_BIT_CONVERSION = YES;
				GCC_WARN_ABOUT_RETURN_TYPE = YES_ERROR;
				GCC_WARN_UNDECLARED_SELECTOR = YES;
				GCC_WARN_UNINITIALIZED_AUTOS = YES_AGGRESSIVE;
				GCC_WARN_UNUSED_FUNCTION = YES;
				GCC_WARN_UNUSED_VARIABLE = YES;
				IPHONEOS_DEPLOYMENT_TARGET = 17.0;
				LOCALIZATION_PREFERS_STRING_CATALOGS = YES;
				MTL_ENABLE_DEBUG_INFO = INCLUDE_SOURCE;
				MTL_FAST_MATH = YES;
				ONLY_ACTIVE_ARCH = YES;
				SDKROOT = iphoneos;
				SWIFT_ACTIVE_COMPILATION_CONDITIONS = "DEBUG $(inherited)";
				SWIFT_OPTIMIZATION_LEVEL = "-Onone";
			};
			name = Debug;
		};
		E6872AF22AE58AD7000F7BF3 /* Release */ = {
			isa = XCBuildConfiguration;
			buildSettings = {
				ALWAYS_SEARCH_USER_PATHS = NO;
				ASSETCATALOG_COMPILER_GENERATE_SWIFT_ASSET_SYMBOL_EXTENSIONS = YES;
				CLANG_ANALYZER_NONNULL = YES;
				CLANG_ANALYZER_NUMBER_OBJECT_CONVERSION = YES_AGGRESSIVE;
				CLANG_CXX_LANGUAGE_STANDARD = "gnu++20";
				CLANG_ENABLE_MODULES = YES;
				CLANG_ENABLE_OBJC_ARC = YES;
				CLANG_ENABLE_OBJC_WEAK = YES;
				CLANG_WARN_BLOCK_CAPTURE_AUTORELEASING = YES;
				CLANG_WARN_BOOL_CONVERSION = YES;
				CLANG_WARN_COMMA = YES;
				CLANG_WARN_CONSTANT_CONVERSION = YES;
				CLANG_WARN_DEPRECATED_OBJC_IMPLEMENTATIONS = YES;
				CLANG_WARN_DIRECT_OBJC_ISA_USAGE = YES_ERROR;
				CLANG_WARN_DOCUMENTATION_COMMENTS = YES;
				CLANG_WARN_EMPTY_BODY = YES;
				CLANG_WARN_ENUM_CONVERSION = YES;
				CLANG_WARN_INFINITE_RECURSION = YES;
				CLANG_WARN_INT_CONVERSION = YES;
				CLANG_WARN_NON_LITERAL_NULL_CONVERSION = YES;
				CLANG_WARN_OBJC_IMPLICIT_RETAIN_SELF = YES;
				CLANG_WARN_OBJC_LITERAL_CONVERSION = YES;
				CLANG_WARN_OBJC_ROOT_CLASS = YES_ERROR;
				CLANG_WARN_QUOTED_INCLUDE_IN_FRAMEWORK_HEADER = YES;
				CLANG_WARN_RANGE_LOOP_ANALYSIS = YES;
				CLANG_WARN_STRICT_PROTOTYPES = YES;
				CLANG_WARN_SUSPICIOUS_MOVE = YES;
				CLANG_WARN_UNGUARDED_AVAILABILITY = YES_AGGRESSIVE;
				CLANG_WARN_UNREACHABLE_CODE = YES;
				CLANG_WARN__DUPLICATE_METHOD_MATCH = YES;
				COPY_PHASE_STRIP = NO;
				DEBUG_INFORMATION_FORMAT = "dwarf-with-dsym";
				ENABLE_NS_ASSERTIONS = NO;
				ENABLE_STRICT_OBJC_MSGSEND = YES;
				ENABLE_USER_SCRIPT_SANDBOXING = YES;
				GCC_C_LANGUAGE_STANDARD = gnu17;
				GCC_NO_COMMON_BLOCKS = YES;
				GCC_WARN_64_TO_32_BIT_CONVERSION = YES;
				GCC_WARN_ABOUT_RETURN_TYPE = YES_ERROR;
				GCC_WARN_UNDECLARED_SELECTOR = YES;
				GCC_WARN_UNINITIALIZED_AUTOS = YES_AGGRESSIVE;
				GCC_WARN_UNUSED_FUNCTION = YES;
				GCC_WARN_UNUSED_VARIABLE = YES;
				IPHONEOS_DEPLOYMENT_TARGET = 17.0;
				LOCALIZATION_PREFERS_STRING_CATALOGS = YES;
				MTL_ENABLE_DEBUG_INFO = NO;
				MTL_FAST_MATH = YES;
				SDKROOT = iphoneos;
				SWIFT_COMPILATION_MODE = wholemodule;
				VALIDATE_PRODUCT = YES;
			};
			name = Release;
		};
		E6872AF42AE58AD7000F7BF3 /* Debug */ = {
			isa = XCBuildConfiguration;
			buildSettings = {
				ASSETCATALOG_COMPILER_APPICON_NAME = AppIcon;
				ASSETCATALOG_COMPILER_GLOBAL_ACCENT_COLOR_NAME = AccentColor;
				CODE_SIGN_STYLE = Automatic;
				CURRENT_PROJECT_VERSION = 1;
				GENERATE_INFOPLIST_FILE = YES;
				INFOPLIST_FILE = FoodDelivery/Info.plist;
				INFOPLIST_KEY_UIApplicationSupportsIndirectInputEvents = YES;
				INFOPLIST_KEY_UILaunchStoryboardName = LaunchScreen;
				INFOPLIST_KEY_UIMainStoryboardFile = Main;
				INFOPLIST_KEY_UISupportedInterfaceOrientations_iPad = "UIInterfaceOrientationPortrait UIInterfaceOrientationPortraitUpsideDown UIInterfaceOrientationLandscapeLeft UIInterfaceOrientationLandscapeRight";
				INFOPLIST_KEY_UISupportedInterfaceOrientations_iPhone = "UIInterfaceOrientationPortrait UIInterfaceOrientationLandscapeLeft UIInterfaceOrientationLandscapeRight";
				LD_RUNPATH_SEARCH_PATHS = (
					"$(inherited)",
					"@executable_path/Frameworks",
				);
				MARKETING_VERSION = 1.0;
				PRODUCT_BUNDLE_IDENTIFIER = com.alicolak.FoodDelivery;
				PRODUCT_NAME = "$(TARGET_NAME)";
				SWIFT_EMIT_LOC_STRINGS = YES;
				SWIFT_VERSION = 5.0;
				TARGETED_DEVICE_FAMILY = "1,2";
			};
			name = Debug;
		};
		E6872AF52AE58AD7000F7BF3 /* Release */ = {
			isa = XCBuildConfiguration;
			buildSettings = {
				ASSETCATALOG_COMPILER_APPICON_NAME = AppIcon;
				ASSETCATALOG_COMPILER_GLOBAL_ACCENT_COLOR_NAME = AccentColor;
				CODE_SIGN_STYLE = Automatic;
				CURRENT_PROJECT_VERSION = 1;
				GENERATE_INFOPLIST_FILE = YES;
				INFOPLIST_FILE = FoodDelivery/Info.plist;
				INFOPLIST_KEY_UIApplicationSupportsIndirectInputEvents = YES;
				INFOPLIST_KEY_UILaunchStoryboardName = LaunchScreen;
				INFOPLIST_KEY_UIMainStoryboardFile = Main;
				INFOPLIST_KEY_UISupportedInterfaceOrientations_iPad = "UIInterfaceOrientationPortrait UIInterfaceOrientationPortraitUpsideDown UIInterfaceOrientationLandscapeLeft UIInterfaceOrientationLandscapeRight";
				INFOPLIST_KEY_UISupportedInterfaceOrientations_iPhone = "UIInterfaceOrientationPortrait UIInterfaceOrientationLandscapeLeft UIInterfaceOrientationLandscapeRight";
				LD_RUNPATH_SEARCH_PATHS = (
					"$(inherited)",
					"@executable_path/Frameworks",
				);
				MARKETING_VERSION = 1.0;
				PRODUCT_BUNDLE_IDENTIFIER = com.alicolak.FoodDelivery;
				PRODUCT_NAME = "$(TARGET_NAME)";
				SWIFT_EMIT_LOC_STRINGS = YES;
				SWIFT_VERSION = 5.0;
				TARGETED_DEVICE_FAMILY = "1,2";
			};
			name = Release;
		};
		E6872AF72AE58AD7000F7BF3 /* Debug */ = {
			isa = XCBuildConfiguration;
			buildSettings = {
				ALWAYS_EMBED_SWIFT_STANDARD_LIBRARIES = YES;
				BUNDLE_LOADER = "$(TEST_HOST)";
				CODE_SIGN_STYLE = Automatic;
				CURRENT_PROJECT_VERSION = 1;
				GENERATE_INFOPLIST_FILE = YES;
				IPHONEOS_DEPLOYMENT_TARGET = 17.0;
				MARKETING_VERSION = 1.0;
				PRODUCT_BUNDLE_IDENTIFIER = com.alicolak.FoodDeliveryTests;
				PRODUCT_NAME = "$(TARGET_NAME)";
				SWIFT_EMIT_LOC_STRINGS = NO;
				SWIFT_VERSION = 5.0;
				TARGETED_DEVICE_FAMILY = "1,2";
				TEST_HOST = "$(BUILT_PRODUCTS_DIR)/FoodDelivery.app/$(BUNDLE_EXECUTABLE_FOLDER_PATH)/FoodDelivery";
			};
			name = Debug;
		};
		E6872AF82AE58AD7000F7BF3 /* Release */ = {
			isa = XCBuildConfiguration;
			buildSettings = {
				ALWAYS_EMBED_SWIFT_STANDARD_LIBRARIES = YES;
				BUNDLE_LOADER = "$(TEST_HOST)";
				CODE_SIGN_STYLE = Automatic;
				CURRENT_PROJECT_VERSION = 1;
				GENERATE_INFOPLIST_FILE = YES;
				IPHONEOS_DEPLOYMENT_TARGET = 17.0;
				MARKETING_VERSION = 1.0;
				PRODUCT_BUNDLE_IDENTIFIER = com.alicolak.FoodDeliveryTests;
				PRODUCT_NAME = "$(TARGET_NAME)";
				SWIFT_EMIT_LOC_STRINGS = NO;
				SWIFT_VERSION = 5.0;
				TARGETED_DEVICE_FAMILY = "1,2";
				TEST_HOST = "$(BUILT_PRODUCTS_DIR)/FoodDelivery.app/$(BUNDLE_EXECUTABLE_FOLDER_PATH)/FoodDelivery";
			};
			name = Release;
		};
		E6872AFA2AE58AD7000F7BF3 /* Debug */ = {
			isa = XCBuildConfiguration;
			buildSettings = {
				ALWAYS_EMBED_SWIFT_STANDARD_LIBRARIES = YES;
				CODE_SIGN_STYLE = Automatic;
				CURRENT_PROJECT_VERSION = 1;
				GENERATE_INFOPLIST_FILE = YES;
				MARKETING_VERSION = 1.0;
				PRODUCT_BUNDLE_IDENTIFIER = com.alicolak.FoodDeliveryUITests;
				PRODUCT_NAME = "$(TARGET_NAME)";
				SWIFT_EMIT_LOC_STRINGS = NO;
				SWIFT_VERSION = 5.0;
				TARGETED_DEVICE_FAMILY = "1,2";
				TEST_TARGET_NAME = FoodDelivery;
			};
			name = Debug;
		};
		E6872AFB2AE58AD7000F7BF3 /* Release */ = {
			isa = XCBuildConfiguration;
			buildSettings = {
				ALWAYS_EMBED_SWIFT_STANDARD_LIBRARIES = YES;
				CODE_SIGN_STYLE = Automatic;
				CURRENT_PROJECT_VERSION = 1;
				GENERATE_INFOPLIST_FILE = YES;
				MARKETING_VERSION = 1.0;
				PRODUCT_BUNDLE_IDENTIFIER = com.alicolak.FoodDeliveryUITests;
				PRODUCT_NAME = "$(TARGET_NAME)";
				SWIFT_EMIT_LOC_STRINGS = NO;
				SWIFT_VERSION = 5.0;
				TARGETED_DEVICE_FAMILY = "1,2";
				TEST_TARGET_NAME = FoodDelivery;
			};
			name = Release;
		};
/* End XCBuildConfiguration section */

/* Begin XCConfigurationList section */
		E6872AC42AE58AD5000F7BF3 /* Build configuration list for PBXProject "FoodDelivery" */ = {
			isa = XCConfigurationList;
			buildConfigurations = (
				E6872AF12AE58AD7000F7BF3 /* Debug */,
				E6872AF22AE58AD7000F7BF3 /* Release */,
			);
			defaultConfigurationIsVisible = 0;
			defaultConfigurationName = Release;
		};
		E6872AF32AE58AD7000F7BF3 /* Build configuration list for PBXNativeTarget "FoodDelivery" */ = {
			isa = XCConfigurationList;
			buildConfigurations = (
				E6872AF42AE58AD7000F7BF3 /* Debug */,
				E6872AF52AE58AD7000F7BF3 /* Release */,
			);
			defaultConfigurationIsVisible = 0;
			defaultConfigurationName = Release;
		};
		E6872AF62AE58AD7000F7BF3 /* Build configuration list for PBXNativeTarget "FoodDeliveryTests" */ = {
			isa = XCConfigurationList;
			buildConfigurations = (
				E6872AF72AE58AD7000F7BF3 /* Debug */,
				E6872AF82AE58AD7000F7BF3 /* Release */,
			);
			defaultConfigurationIsVisible = 0;
			defaultConfigurationName = Release;
		};
		E6872AF92AE58AD7000F7BF3 /* Build configuration list for PBXNativeTarget "FoodDeliveryUITests" */ = {
			isa = XCConfigurationList;
			buildConfigurations = (
				E6872AFA2AE58AD7000F7BF3 /* Debug */,
				E6872AFB2AE58AD7000F7BF3 /* Release */,
			);
			defaultConfigurationIsVisible = 0;
			defaultConfigurationName = Release;
		};
/* End XCConfigurationList section */
	};
	rootObject = E6872AC12AE58AD5000F7BF3 /* Project object */;
}
